
Microsoft Visual Studio Solution File, Format Version 12.00
# Visual Studio Version 17
VisualStudioVersion = 17.2.32602.215
MinimumVisualStudioVersion = 10.0.40219.1
Project("{FAE04EC0-301F-11D3-BF4B-00C04F79EFBC}") = "AppRpgEtec.Android", "AppRpgEtec\AppRpgEtec.Android\AppRpgEtec.Android.csproj", "{881D34C6-6EA6-40DB-B9E1-2B351A763049}"
EndProject
Project("{FAE04EC0-301F-11D3-BF4B-00C04F79EFBC}") = "AppRpgEtec.iOS", "AppRpgEtec\AppRpgEtec.iOS\AppRpgEtec.iOS.csproj", "{9EA560F1-F649-4965-B21D-CAF9647E33FB}"
EndProject
Project("{9A19103F-16F7-4668-BE54-9A1E7A4F7556}") = "AppRpgEtec", "AppRpgEtec\AppRpgEtec\AppRpgEtec.csproj", "{72CF9105-E955-450E-8477-80DCEEA3A469}"
EndProject
Global
	GlobalSection(SolutionConfigurationPlatforms) = preSolution
		Debug|Any CPU = Debug|Any CPU
		Debug|iPhone = Debug|iPhone
		Debug|iPhoneSimulator = Debug|iPhoneSimulator
		Release|Any CPU = Release|Any CPU
		Release|iPhone = Release|iPhone
		Release|iPhoneSimulator = Release|iPhoneSimulator
	EndGlobalSection
	GlobalSection(ProjectConfigurationPlatforms) = postSolution
		{881D34C6-6EA6-40DB-B9E1-2B351A763049}.Debug|Any CPU.ActiveCfg = Debug|Any CPU
		{881D34C6-6EA6-40DB-B9E1-2B351A763049}.Debug|Any CPU.Build.0 = Debug|Any CPU
		{881D34C6-6EA6-40DB-B9E1-2B351A763049}.Debug|Any CPU.Deploy.0 = Debug|Any CPU
		{881D34C6-6EA6-40DB-B9E1-2B351A763049}.Debug|iPhone.ActiveCfg = Debug|Any CPU
		{881D34C6-6EA6-40DB-B9E1-2B351A763049}.Debug|iPhone.Build.0 = Debug|Any CPU
		{881D34C6-6EA6-40DB-B9E1-2B351A763049}.Debug|iPhone.Deploy.0 = Debug|Any CPU
		{881D34C6-6EA6-40DB-B9E1-2B351A763049}.Debug|iPhoneSimulator.ActiveCfg = Debug|Any CPU
		{881D34C6-6EA6-40DB-B9E1-2B351A763049}.Debug|iPhoneSimulator.Build.0 = Debug|Any CPU
		{881D34C6-6EA6-40DB-B9E1-2B351A763049}.Debug|iPhoneSimulator.Deploy.0 = Debug|Any CPU
		{881D34C6-6EA6-40DB-B9E1-2B351A763049}.Release|Any CPU.ActiveCfg = Release|Any CPU
		{881D34C6-6EA6-40DB-B9E1-2B351A763049}.Release|Any CPU.Build.0 = Release|Any CPU
		{881D34C6-6EA6-40DB-B9E1-2B351A763049}.Release|Any CPU.Deploy.0 = Release|Any CPU
		{881D34C6-6EA6-40DB-B9E1-2B351A763049}.Release|iPhone.ActiveCfg = Release|Any CPU
		{881D34C6-6EA6-40DB-B9E1-2B351A763049}.Release|iPhone.Build.0 = Release|Any CPU
		{881D34C6-6EA6-40DB-B9E1-2B351A763049}.Release|iPhone.Deploy.0 = Release|Any CPU
		{881D34C6-6EA6-40DB-B9E1-2B351A763049}.Release|iPhoneSimulator.ActiveCfg = Release|Any CPU
		{881D34C6-6EA6-40DB-B9E1-2B351A763049}.Release|iPhoneSimulator.Build.0 = Release|Any CPU
		{881D34C6-6EA6-40DB-B9E1-2B351A763049}.Release|iPhoneSimulator.Deploy.0 = Release|Any CPU
		{9EA560F1-F649-4965-B21D-CAF9647E33FB}.Debug|Any CPU.ActiveCfg = Debug|iPhone
		{9EA560F1-F649-4965-B21D-CAF9647E33FB}.Debug|Any CPU.Build.0 = Debug|iPhone
		{9EA560F1-F649-4965-B21D-CAF9647E33FB}.Debug|Any CPU.Deploy.0 = Debug|iPhone
		{9EA560F1-F649-4965-B21D-CAF9647E33FB}.Debug|iPhone.ActiveCfg = Debug|iPhone
		{9EA560F1-F649-4965-B21D-CAF9647E33FB}.Debug|iPhone.Build.0 = Debug|iPhone
		{9EA560F1-F649-4965-B21D-CAF9647E33FB}.Debug|iPhone.Deploy.0 = Debug|iPhone
		{9EA560F1-F649-4965-B21D-CAF9647E33FB}.Debug|iPhoneSimulator.ActiveCfg = Debug|iPhoneSimulator
		{9EA560F1-F649-4965-B21D-CAF9647E33FB}.Debug|iPhoneSimulator.Build.0 = Debug|iPhoneSimulator
		{9EA560F1-F649-4965-B21D-CAF9647E33FB}.Debug|iPhoneSimulator.Deploy.0 = Debug|iPhoneSimulator
		{9EA560F1-F649-4965-B21D-CAF9647E33FB}.Release|Any CPU.ActiveCfg = Release|iPhoneSimulator
		{9EA560F1-F649-4965-B21D-CAF9647E33FB}.Release|Any CPU.Build.0 = Release|iPhoneSimulator
		{9EA560F1-F649-4965-B21D-CAF9647E33FB}.Release|Any CPU.Deploy.0 = Release|iPhoneSimulator
		{9EA560F1-F649-4965-B21D-CAF9647E33FB}.Release|iPhone.ActiveCfg = Release|iPhone
		{9EA560F1-F649-4965-B21D-CAF9647E33FB}.Release|iPhone.Build.0 = Release|iPhone
		{9EA560F1-F649-4965-B21D-CAF9647E33FB}.Release|iPhone.Deploy.0 = Release|iPhone
		{9EA560F1-F649-4965-B21D-CAF9647E33FB}.Release|iPhoneSimulator.ActiveCfg = Release|iPhoneSimulator
		{9EA560F1-F649-4965-B21D-CAF9647E33FB}.Release|iPhoneSimulator.Build.0 = Release|iPhoneSimulator
		{9EA560F1-F649-4965-B21D-CAF9647E33FB}.Release|iPhoneSimulator.Deploy.0 = Release|iPhoneSimulator
		{72CF9105-E955-450E-8477-80DCEEA3A469}.Debug|Any CPU.ActiveCfg = Debug|Any CPU
		{72CF9105-E955-450E-8477-80DCEEA3A469}.Debug|Any CPU.Build.0 = Debug|Any CPU
		{72CF9105-E955-450E-8477-80DCEEA3A469}.Debug|Any CPU.Deploy.0 = Debug|Any CPU
		{72CF9105-E955-450E-8477-80DCEEA3A469}.Debug|iPhone.ActiveCfg = Debug|Any CPU
		{72CF9105-E955-450E-8477-80DCEEA3A469}.Debug|iPhone.Build.0 = Debug|Any CPU
		{72CF9105-E955-450E-8477-80DCEEA3A469}.Debug|iPhone.Deploy.0 = Debug|Any CPU
		{72CF9105-E955-450E-8477-80DCEEA3A469}.Debug|iPhoneSimulator.ActiveCfg = Debug|Any CPU
		{72CF9105-E955-450E-8477-80DCEEA3A469}.Debug|iPhoneSimulator.Build.0 = Debug|Any CPU
		{72CF9105-E955-450E-8477-80DCEEA3A469}.Debug|iPhoneSimulator.Deploy.0 = Debug|Any CPU
		{72CF9105-E955-450E-8477-80DCEEA3A469}.Release|Any CPU.ActiveCfg = Release|Any CPU
		{72CF9105-E955-450E-8477-80DCEEA3A469}.Release|Any CPU.Build.0 = Release|Any CPU
		{72CF9105-E955-450E-8477-80DCEEA3A469}.Release|Any CPU.Deploy.0 = Release|Any CPU
		{72CF9105-E955-450E-8477-80DCEEA3A469}.Release|iPhone.ActiveCfg = Release|Any CPU
		{72CF9105-E955-450E-8477-80DCEEA3A469}.Release|iPhone.Build.0 = Release|Any CPU
		{72CF9105-E955-450E-8477-80DCEEA3A469}.Release|iPhone.Deploy.0 = Release|Any CPU
		{72CF9105-E955-450E-8477-80DCEEA3A469}.Release|iPhoneSimulator.ActiveCfg = Release|Any CPU
		{72CF9105-E955-450E-8477-80DCEEA3A469}.Release|iPhoneSimulator.Build.0 = Release|Any CPU
		{72CF9105-E955-450E-8477-80DCEEA3A469}.Release|iPhoneSimulator.Deploy.0 = Release|Any CPU
	EndGlobalSection
	GlobalSection(SolutionProperties) = preSolution
		HideSolutionNode = FALSE
	EndGlobalSection
	GlobalSection(ExtensibilityGlobals) = postSolution
		SolutionGuid = {69970E31-A7CF-4851-BC13-B4FD917B1DD9}
	EndGlobalSection
EndGlobal
